
Microsoft Visual Studio Solution File, Format Version 12.00
# Visual Studio Version 16
VisualStudioVersion = 16.0.31605.320
MinimumVisualStudioVersion = 10.0.40219.1
Project("{FAE04EC0-301F-11D3-BF4B-00C04F79EFBC}") = "GSK.Auth.Web", "GSK.Auth.Web\GSK.Auth.Web.csproj", "{23F7C764-0C2F-4095-B140-9C1919DD63CC}"
EndProject
Global
	GlobalSection(SolutionConfigurationPlatforms) = preSolution
		Debug|Any CPU = Debug|Any CPU
		Release|Any CPU = Release|Any CPU
	EndGlobalSection
	GlobalSection(ProjectConfigurationPlatforms) = postSolution
		{23F7C764-0C2F-4095-B140-9C1919DD63CC}.Debug|Any CPU.ActiveCfg = Debug|Any CPU
		{23F7C764-0C2F-4095-B140-9C1919DD63CC}.Debug|Any CPU.Build.0 = Debug|Any CPU
		{23F7C764-0C2F-4095-B140-9C1919DD63CC}.Release|Any CPU.ActiveCfg = Release|Any CPU
		{23F7C764-0C2F-4095-B140-9C1919DD63CC}.Release|Any CPU.Build.0 = Release|Any CPU
	EndGlobalSection
	GlobalSection(SolutionProperties) = preSolution
		HideSolutionNode = FALSE
	EndGlobalSection
	GlobalSection(ExtensibilityGlobals) = postSolution
		SolutionGuid = {61140E38-F4F4-463C-97BA-FF983EC0C752}
	EndGlobalSection
EndGlobal
